
Microsoft Visual Studio Solution File, Format Version 12.00
# Visual Studio Version 17
VisualStudioVersion = 17.9.34728.123
MinimumVisualStudioVersion = 10.0.40219.1
Project("{FAE04EC0-301F-11D3-BF4B-00C04F79EFBC}") = "Assignment2.3.1", "Assignment2.3.1.csproj", "{77E78955-2181-4BAA-8DAB-842711A9F656}"
EndProject
Global
	GlobalSection(SolutionConfigurationPlatforms) = preSolution
		Debug|Any CPU = Debug|Any CPU
		Release|Any CPU = Release|Any CPU
	EndGlobalSection
	GlobalSection(ProjectConfigurationPlatforms) = postSolution
		{77E78955-2181-4BAA-8DAB-842711A9F656}.Debug|Any CPU.ActiveCfg = Debug|Any CPU
		{77E78955-2181-4BAA-8DAB-842711A9F656}.Debug|Any CPU.Build.0 = Debug|Any CPU
		{77E78955-2181-4BAA-8DAB-842711A9F656}.Release|Any CPU.ActiveCfg = Release|Any CPU
		{77E78955-2181-4BAA-8DAB-842711A9F656}.Release|Any CPU.Build.0 = Release|Any CPU
	EndGlobalSection
	GlobalSection(SolutionProperties) = preSolution
		HideSolutionNode = FALSE
	EndGlobalSection
	GlobalSection(ExtensibilityGlobals) = postSolution
		SolutionGuid = {019D5500-00B0-4B63-9D46-627DA00D3EF3}
	EndGlobalSection
EndGlobal
